
Microsoft Visual Studio Solution File, Format Version 12.00
# Visual Studio Version 17
VisualStudioVersion = 17.9.34607.119
MinimumVisualStudioVersion = 10.0.40219.1
Project("{FAE04EC0-301F-11D3-BF4B-00C04F79EFBC}") = "CalcFigureLib", "MindboxTest\CalcFigureLib.csproj", "{BDDA0760-B459-4005-B215-4BA7E5F9FDA3}"
EndProject
Project("{FAE04EC0-301F-11D3-BF4B-00C04F79EFBC}") = "CalcFigureLibTest", "CalcFigureLibTest\CalcFigureLibTest.csproj", "{FDFB9062-B989-493B-82E9-06BFE8C048BE}"
EndProject
Global
	GlobalSection(SolutionConfigurationPlatforms) = preSolution
		Debug|Any CPU = Debug|Any CPU
		Release|Any CPU = Release|Any CPU
	EndGlobalSection
	GlobalSection(ProjectConfigurationPlatforms) = postSolution
		{BDDA0760-B459-4005-B215-4BA7E5F9FDA3}.Debug|Any CPU.ActiveCfg = Debug|Any CPU
		{BDDA0760-B459-4005-B215-4BA7E5F9FDA3}.Debug|Any CPU.Build.0 = Debug|Any CPU
		{BDDA0760-B459-4005-B215-4BA7E5F9FDA3}.Release|Any CPU.ActiveCfg = Release|Any CPU
		{BDDA0760-B459-4005-B215-4BA7E5F9FDA3}.Release|Any CPU.Build.0 = Release|Any CPU
		{FDFB9062-B989-493B-82E9-06BFE8C048BE}.Debug|Any CPU.ActiveCfg = Debug|Any CPU
		{FDFB9062-B989-493B-82E9-06BFE8C048BE}.Debug|Any CPU.Build.0 = Debug|Any CPU
		{FDFB9062-B989-493B-82E9-06BFE8C048BE}.Release|Any CPU.ActiveCfg = Release|Any CPU
		{FDFB9062-B989-493B-82E9-06BFE8C048BE}.Release|Any CPU.Build.0 = Release|Any CPU
	EndGlobalSection
	GlobalSection(SolutionProperties) = preSolution
		HideSolutionNode = FALSE
	EndGlobalSection
	GlobalSection(ExtensibilityGlobals) = postSolution
		SolutionGuid = {3BDE9E42-D17B-4204-86C8-45B102334490}
	EndGlobalSection
EndGlobal
